
Microsoft Visual Studio Solution File, Format Version 12.00
# Visual Studio Version 16
VisualStudioVersion = 16.0.32428.217
MinimumVisualStudioVersion = 10.0.40219.1
Project("{4DF76451-A46A-4C0B-BE03-459FAAFA07E6}") = "dwc", "dwc.mproj", "{FDC9D220-5683-4F72-8CD1-502ED041DD30}"
EndProject
Global
	GlobalSection(SolutionConfigurationPlatforms) = preSolution
		Debug|x86 = Debug|x86
		Release|x86 = Release|x86
	EndGlobalSection
	GlobalSection(ProjectConfigurationPlatforms) = postSolution
		{FDC9D220-5683-4F72-8CD1-502ED041DD30}.Debug|x86.ActiveCfg = Debug|x86
		{FDC9D220-5683-4F72-8CD1-502ED041DD30}.Debug|x86.Build.0 = Debug|x86
		{FDC9D220-5683-4F72-8CD1-502ED041DD30}.Release|x86.ActiveCfg = Release|x86
		{FDC9D220-5683-4F72-8CD1-502ED041DD30}.Release|x86.Build.0 = Release|x86
	EndGlobalSection
	GlobalSection(SolutionProperties) = preSolution
		HideSolutionNode = FALSE
	EndGlobalSection
	GlobalSection(ExtensibilityGlobals) = postSolution
		SolutionGuid = {DF90FCDA-5685-46E1-B893-CF07C557D662}
	EndGlobalSection
EndGlobal
